# This file is automatically @generated by Poetry 2.1.4 and should not be changed by hand.

[[package]]
name = "certifi"
version = "2025.8.3"
description = "Python package for providing Mozilla's CA Bundle."
optional = false
python-versions = ">=3.7"
groups = ["main"]
files = [
    {file = "certifi-2025.8.3-py3-none-any.whl", hash = "sha256:f6c12493cfb1b06ba2ff328595af9350c65d6644968e5d3a2ffd78699af217a5"},
    {file = "certifi-2025.8.3.tar.gz", hash = "sha256:e564105f78ded564e3ae7c923924435e1daa7463faeab5bb932bc53ffae63407"},
]

[[package]]
name = "charset-normalizer"
version = "3.4.3"
description = "The Real First Universal Charset Detector. Open, modern and actively maintained alternative to Chardet."
optional = false
python-versions = ">=3.7"
groups = ["main"]
files = [
    {file = "charset_normalizer-3.4.3-cp310-cp310-macosx_10_9_universal2.whl", hash = "sha256:fb7f67a1bfa6e40b438170ebdc8158b78dc465a5a67b6dde178a46987b244a72"},
    {file = "charset_normalizer-3.4.3-cp310-cp310-manylinux2014_aarch64.manylinux_2_17_aarch64.manylinux_2_28_aarch64.whl", hash = "sha256:cc9370a2da1ac13f0153780040f465839e6cccb4a1e44810124b4e22483c93fe"},
    {file = "charset_normalizer-3.4.3-cp310-cp310-manylinux2014_ppc64le.manylinux_2_17_ppc64le.manylinux_2_28_ppc64le.whl", hash = "sha256:07a0eae9e2787b586e129fdcbe1af6997f8d0e5abaa0bc98c0e20e124d67e601"},
    {file = "charset_normalizer-3.4.3-cp310-cp310-manylinux2014_s390x.manylinux_2_17_s390x.manylinux_2_28_s390x.whl", hash = "sha256:74d77e25adda8581ffc1c720f1c81ca082921329452eba58b16233ab1842141c"},
    {file = "charset_normalizer-3.4.3-cp310-cp310-manylinux2014_x86_64.manylinux_2_17_x86_64.manylinux_2_28_x86_64.whl", hash = "sha256:d0e909868420b7049dafd3a31d45125b31143eec59235311fc4c57ea26a4acd2"},
    {file = "charset_normalizer-3.4.3-cp310-cp310-musllinux_1_2_aarch64.whl", hash = "sha256:c6f162aabe9a91a309510d74eeb6507fab5fff92337a15acbe77753d88d9dcf0"},
    {file = "charset_normalizer-3.4.3-cp310-cp310-musllinux_1_2_ppc64le.whl", hash = "sha256:4ca4c094de7771a98d7fbd67d9e5dbf1eb73efa4f744a730437d8a3a5cf994f0"},
    {file = "charset_normalizer-3.4.3-cp310-cp310-musllinux_1_2_s390x.whl", hash = "sha256:02425242e96bcf29a49711b0ca9f37e451da7c70562bc10e8ed992a5a7a25cc0"},
    {file = "charset_normalizer-3.4.3-cp310-cp310-musllinux_1_2_x86_64.whl", hash = "sha256:78deba4d8f9590fe4dae384aeff04082510a709957e968753ff3c48399f6f92a"},
    {file = "charset_normalizer-3.4.3-cp310-cp310-win32.whl", hash = "sha256:d79c198e27580c8e958906f803e63cddb77653731be08851c7df0b1a14a8fc0f"},
    {file = "charset_normalizer-3.4.3-cp310-cp310-win_amd64.whl", hash = "sha256:c6e490913a46fa054e03699c70019ab869e990270597018cef1d8562132c2669"},
    {file = "charset_normalizer-3.4.3-cp311-cp311-macosx_10_9_universal2.whl", hash = "sha256:b256ee2e749283ef3ddcff51a675ff43798d92d746d1a6e4631bf8c707d22d0b"},
    {file = "charset_normalizer-3.4.3-cp311-cp311-manylinux2014_aarch64.manylinux_2_17_aarch64.manylinux_2_28_aarch64.whl", hash = "sha256:13faeacfe61784e2559e690fc53fa4c5ae97c6fcedb8eb6fb8d0a15b475d2c64"},
    {file = "charset_normalizer-3.4.3-cp311-cp311-manylinux2014_ppc64le.manylinux_2_17_ppc64le.manylinux_2_28_ppc64le.whl", hash = "sha256:00237675befef519d9af72169d8604a067d92755e84fe76492fef5441db05b91"},
    {file = "charset_normalizer-3.4.3-cp311-cp311-manylinux2014_s390x.manylinux_2_17_s390x.manylinux_2_28_s390x.whl", hash = "sha256:585f3b2a80fbd26b048a0be90c5aae8f06605d3c92615911c3a2b03a8a3b796f"},
    {file = "charset_normalizer-3.4.3-cp311-cp311-manylinux2014_x86_64.manylinux_2_17_x86_64.manylinux_2_28_x86_64.whl", hash = "sha256:0e78314bdc32fa80696f72fa16dc61168fda4d6a0c014e0380f9d02f0e5d8a07"},
    {file = "charset_normalizer-3.4.3-cp311-cp311-musllinux_1_2_aarch64.whl", hash = "sha256:96b2b3d1a83ad55310de8c7b4a2d04d9277d5591f40761274856635acc5fcb30"},
    {file = "charset_normalizer-3.4.3-cp311-cp311-musllinux_1_2_ppc64le.whl", hash = "sha256:939578d9d8fd4299220161fdd76e86c6a251987476f5243e8864a7844476ba14"},
    {file = "charset_normalizer-3.4.3-cp311-cp311-musllinux_1_2_s390x.whl", hash = "sha256:fd10de089bcdcd1be95a2f73dbe6254798ec1bda9f450d5828c96f93e2536b9c"},
    {file = "charset_normalizer-3.4.3-cp311-cp311-musllinux_1_2_x86_64.whl", hash = "sha256:1e8ac75d72fa3775e0b7cb7e4629cec13b7514d928d15ef8ea06bca03ef01cae"},
    {file = "charset_normalizer-3.4.3-cp311-cp311-win32.whl", hash = "sha256:6cf8fd4c04756b6b60146d98cd8a77d0cdae0e1ca20329da2ac85eed779b6849"},
    {file = "charset_normalizer-3.4.3-cp311-cp311-win_amd64.whl", hash = "sha256:31a9a6f775f9bcd865d88ee350f0ffb0e25936a7f930ca98995c05abf1faf21c"},
    {file = "charset_normalizer-3.4.3-cp312-cp312-macosx_10_13_universal2.whl", hash = "sha256:e28e334d3ff134e88989d90ba04b47d84382a828c061d0d1027b1b12a62b39b1"},
    {file = "charset_normalizer-3.4.3-cp312-cp312-manylinux2014_aarch64.manylinux_2_17_aarch64.manylinux_2_28_aarch64.whl", hash = "sha256:0cacf8f7297b0c4fcb74227692ca46b4a5852f8f4f24b3c766dd94a1075c4884"},
    {file = "charset_normalizer-3.4.3-cp312-cp312-manylinux2014_ppc64le.manylinux_2_17_ppc64le.manylinux_2_28_ppc64le.whl", hash = "sha256:c6fd51128a41297f5409deab284fecbe5305ebd7e5a1f959bee1c054622b7018"},
    {file = "charset_normalizer-3.4.3-cp312-cp312-manylinux2014_s390x.manylinux_2_17_s390x.manylinux_2_28_s390x.whl", hash = "sha256:3cfb2aad70f2c6debfbcb717f23b7eb55febc0bb23dcffc0f076009da10c6392"},
    {file = "charset_normalizer-3.4.3-cp312-cp312-manylinux2014_x86_64.manylinux_2_17_x86_64.manylinux_2_28_x86_64.whl", hash = "sha256:1606f4a55c0fd363d754049cdf400175ee96c992b1f8018b993941f221221c5f"},
    {file = "charset_normalizer-3.4.3-cp312-cp312-musllinux_1_2_aarch64.whl", hash = "sha256:027b776c26d38b7f15b26a5da1044f376455fb3766df8fc38563b4efbc515154"},
    {file = "charset_normalizer-3.4.3-cp312-cp312-musllinux_1_2_ppc64le.whl", hash = "sha256:42e5088973e56e31e4fa58eb6bd709e42fc03799c11c42929592889a2e54c491"},
    {file = "charset_normalizer-3.4.3-cp312-cp312-musllinux_1_2_s390x.whl", hash = "sha256:cc34f233c9e71701040d772aa7490318673aa7164a0efe3172b2981218c26d93"},
    {file = "charset_normalizer-3.4.3-cp312-cp312-musllinux_1_2_x86_64.whl", hash = "sha256:320e8e66157cc4e247d9ddca8e21f427efc7a04bbd0ac8a9faf56583fa543f9f"},
    {file = "charset_normalizer-3.4.3-cp312-cp312-win32.whl", hash = "sha256:fb6fecfd65564f208cbf0fba07f107fb661bcd1a7c389edbced3f7a493f70e37"},
    {file = "charset_normalizer-3.4.3-cp312-cp312-win_amd64.whl", hash = "sha256:86df271bf921c2ee3818f0522e9a5b8092ca2ad8b065ece5d7d9d0e9f4849bcc"},
    {file = "charset_normalizer-3.4.3-cp313-cp313-macosx_10_13_universal2.whl", hash = "sha256:14c2a87c65b351109f6abfc424cab3927b3bdece6f706e4d12faaf3d52ee5efe"},
    {file = "charset_normalizer-3.4.3-cp313-cp313-manylinux2014_aarch64.manylinux_2_17_aarch64.manylinux_2_28_aarch64.whl", hash = "sha256:41d1fc408ff5fdfb910200ec0e74abc40387bccb3252f3f27c0676731df2b2c8"},
    {file = "charset_normalizer-3.4.3-cp313-cp313-manylinux2014_ppc64le.manylinux_2_17_ppc64le.manylinux_2_28_ppc64le.whl", hash = "sha256:1bb60174149316da1c35fa5233681f7c0f9f514509b8e399ab70fea5f17e45c9"},
    {file = "charset_normalizer-3.4.3-cp313-cp313-manylinux2014_s390x.manylinux_2_17_s390x.manylinux_2_28_s390x.whl", hash = "sha256:30d006f98569de3459c2fc1f2acde170b7b2bd265dc1943e87e1a4efe1b67c31"},
    {file = "charset_normalizer-3.4.3-cp313-cp313-manylinux2014_x86_64.manylinux_2_17_x86_64.manylinux_2_28_x86_64.whl", hash = "sha256:416175faf02e4b0810f1f38bcb54682878a4af94059a1cd63b8747244420801f"},
    {file = "charset_normalizer-3.4.3-cp313-cp313-musllinux_1_2_aarch64.whl", hash = "sha256:6aab0f181c486f973bc7262a97f5aca3ee7e1437011ef0c2ec04b5a11d16c927"},
    {file = "charset_normalizer-3.4.3-cp313-cp313-musllinux_1_2_ppc64le.whl", hash = "sha256:fdabf8315679312cfa71302f9bd509ded4f2f263fb5b765cf1433b39106c3cc9"},
    {file = "charset_normalizer-3.4.3-cp313-cp313-musllinux_1_2_s390x.whl", hash = "sha256:bd28b817ea8c70215401f657edef3a8aa83c29d447fb0b622c35403780ba11d5"},
    {file = "charset_normalizer-3.4.3-cp313-cp313-musllinux_1_2_x86_64.whl", hash = "sha256:18343b2d246dc6761a249ba1fb13f9ee9a2bcd95decc767319506056ea4ad4dc"},
    {file = "charset_normalizer-3.4.3-cp313-cp313-win32.whl", hash = "sha256:6fb70de56f1859a3f71261cbe41005f56a7842cc348d3aeb26237560bfa5e0ce"},
    {file = "charset_normalizer-3.4.3-cp313-cp313-win_amd64.whl", hash = "sha256:cf1ebb7d78e1ad8ec2a8c4732c7be2e736f6e5123a4146c5b89c9d1f585f8cef"},
    {file = "charset_normalizer-3.4.3-cp314-cp314-macosx_10_13_universal2.whl", hash = "sha256:3cd35b7e8aedeb9e34c41385fda4f73ba609e561faedfae0a9e75e44ac558a15"},
    {file = "charset_normalizer-3.4.3-cp314-cp314-manylinux2014_aarch64.manylinux_2_17_aarch64.manylinux_2_28_aarch64.whl", hash = "sha256:b89bc04de1d83006373429975f8ef9e7932534b8cc9ca582e4db7d20d91816db"},
    {file = "charset_normalizer-3.4.3-cp314-cp314-manylinux2014_ppc64le.manylinux_2_17_ppc64le.manylinux_2_28_ppc64le.whl", hash = "sha256:2001a39612b241dae17b4687898843f254f8748b796a2e16f1051a17078d991d"},
    {file = "charset_normalizer-3.4.3-cp314-cp314-manylinux2014_s390x.manylinux_2_17_s390x.manylinux_2_28_s390x.whl", hash = "sha256:8dcfc373f888e4fb39a7bc57e93e3b845e7f462dacc008d9749568b1c4ece096"},
    {file = "charset_normalizer-3.4.3-cp314-cp314-manylinux2014_x86_64.manylinux_2_17_x86_64.manylinux_2_28_x86_64.whl", hash = "sha256:18b97b8404387b96cdbd30ad660f6407799126d26a39ca65729162fd810a99aa"},
    {file = "charset_normalizer-3.4.3-cp314-cp314-musllinux_1_2_aarch64.whl", hash = "sha256:ccf600859c183d70eb47e05a44cd80a4ce77394d1ac0f79dbd2dd90a69a3a049"},
    {file = "charset_normalizer-3.4.3-cp314-cp314-musllinux_1_2_ppc64le.whl", hash = "sha256:53cd68b185d98dde4ad8990e56a58dea83a4162161b1ea9272e5c9182ce415e0"},
    {file = "charset_normalizer-3.4.3-cp314-cp314-musllinux_1_2_s390x.whl", hash = "sha256:30a96e1e1f865f78b030d65241c1ee850cdf422d869e9028e2fc1d5e4db73b92"},
    {file = "charset_normalizer-3.4.3-cp314-cp314-musllinux_1_2_x86_64.whl", hash = "sha256:d716a916938e03231e86e43782ca7878fb602a125a91e7acb8b5112e2e96ac16"},
    {file = "charset_normalizer-3.4.3-cp314-cp314-win32.whl", hash = "sha256:c6dbd0ccdda3a2ba7c2ecd9d77b37f3b5831687d8dc1b6ca5f56a4880cc7b7ce"},
    {file = "charset_normalizer-3.4.3-cp314-cp314-win_amd64.whl", hash = "sha256:73dc19b562516fc9bcf6e5d6e596df0b4eb98d87e4f79f3ae71840e6ed21361c"},
    {file = "charset_normalizer-3.4.3-cp38-cp38-macosx_10_9_universal2.whl", hash = "sha256:0f2be7e0cf7754b9a30eb01f4295cc3d4358a479843b31f328afd210e2c7598c"},
    {file = "charset_normalizer-3.4.3-cp38-cp38-manylinux2014_aarch64.manylinux_2_17_aarch64.manylinux_2_28_aarch64.whl", hash = "sha256:c60e092517a73c632ec38e290eba714e9627abe9d301c8c8a12ec32c314a2a4b"},
    {file = "charset_normalizer-3.4.3-cp38-cp38-manylinux2014_ppc64le.manylinux_2_17_ppc64le.manylinux_2_28_ppc64le.whl", hash = "sha256:252098c8c7a873e17dd696ed98bbe91dbacd571da4b87df3736768efa7a792e4"},
    {file = "charset_normalizer-3.4.3-cp38-cp38-manylinux2014_s390x.manylinux_2_17_s390x.manylinux_2_28_s390x.whl", hash = "sha256:3653fad4fe3ed447a596ae8638b437f827234f01a8cd801842e43f3d0a6b281b"},
    {file = "charset_normalizer-3.4.3-cp38-cp38-manylinux2014_x86_64.manylinux_2_17_x86_64.manylinux_2_28_x86_64.whl", hash = "sha256:8999f965f922ae054125286faf9f11bc6932184b93011d138925a1773830bbe9"},
    {file = "charset_normalizer-3.4.3-cp38-cp38-musllinux_1_2_aarch64.whl", hash = "sha256:d95bfb53c211b57198bb91c46dd5a2d8018b3af446583aab40074bf7988401cb"},
    {file = "charset_normalizer-3.4.3-cp38-cp38-musllinux_1_2_ppc64le.whl", hash = "sha256:5b413b0b1bfd94dbf4023ad6945889f374cd24e3f62de58d6bb102c4d9ae534a"},
    {file = "charset_normalizer-3.4.3-cp38-cp38-musllinux_1_2_s390x.whl", hash = "sha256:b5e3b2d152e74e100a9e9573837aba24aab611d39428ded46f4e4022ea7d1942"},
    {file = "charset_normalizer-3.4.3-cp38-cp38-musllinux_1_2_x86_64.whl", hash = "sha256:a2d08ac246bb48479170408d6c19f6385fa743e7157d716e144cad849b2dd94b"},
    {file = "charset_normalizer-3.4.3-cp38-cp38-win32.whl", hash = "sha256:ec557499516fc90fd374bf2e32349a2887a876fbf162c160e3c01b6849eaf557"},
    {file = "charset_normalizer-3.4.3-cp38-cp38-win_amd64.whl", hash = "sha256:5d8d01eac18c423815ed4f4a2ec3b439d654e55ee4ad610e153cf02faf67ea40"},
    {file = "charset_normalizer-3.4.3-cp39-cp39-macosx_10_9_universal2.whl", hash = "sha256:70bfc5f2c318afece2f5838ea5e4c3febada0be750fcf4775641052bbba14d05"},
    {file = "charset_normalizer-3.4.3-cp39-cp39-manylinux2014_aarch64.manylinux_2_17_aarch64.manylinux_2_28_aarch64.whl", hash = "sha256:23b6b24d74478dc833444cbd927c338349d6ae852ba53a0d02a2de1fce45b96e"},
    {file = "charset_normalizer-3.4.3-cp39-cp39-manylinux2014_ppc64le.manylinux_2_17_ppc64le.manylinux_2_28_ppc64le.whl", hash = "sha256:34a7f768e3f985abdb42841e20e17b330ad3aaf4bb7e7aeeb73db2e70f077b99"},
    {file = "charset_normalizer-3.4.3-cp39-cp39-manylinux2014_s390x.manylinux_2_17_s390x.manylinux_2_28_s390x.whl", hash = "sha256:fb731e5deb0c7ef82d698b0f4c5bb724633ee2a489401594c5c88b02e6cb15f7"},
    {file = "charset_normalizer-3.4.3-cp39-cp39-manylinux2014_x86_64.manylinux_2_17_x86_64.manylinux_2_28_x86_64.whl", hash = "sha256:257f26fed7d7ff59921b78244f3cd93ed2af1800ff048c33f624c87475819dd7"},
    {file = "charset_normalizer-3.4.3-cp39-cp39-musllinux_1_2_aarch64.whl", hash = "sha256:1ef99f0456d3d46a50945c98de1774da86f8e992ab5c77865ea8b8195341fc19"},
    {file = "charset_normalizer-3.4.3-cp39-cp39-musllinux_1_2_ppc64le.whl", hash = "sha256:2c322db9c8c89009a990ef07c3bcc9f011a3269bc06782f916cd3d9eed7c9312"},
    {file = "charset_normalizer-3.4.3-cp39-cp39-musllinux_1_2_s390x.whl", hash = "sha256:511729f456829ef86ac41ca78c63a5cb55240ed23b4b737faca0eb1abb1c41bc"},
    {file = "charset_normalizer-3.4.3-cp39-cp39-musllinux_1_2_x86_64.whl", hash = "sha256:88ab34806dea0671532d3f82d82b85e8fc23d7b2dd12fa837978dad9bb392a34"},
    {file = "charset_normalizer-3.4.3-cp39-cp39-win32.whl", hash = "sha256:16a8770207946ac75703458e2c743631c79c59c5890c80011d536248f8eaa432"},
    {file = "charset_normalizer-3.4.3-cp39-cp39-win_amd64.whl", hash = "sha256:d22dbedd33326a4a5190dd4fe9e9e693ef12160c77382d9e87919bce54f3d4ca"},
    {file = "charset_normalizer-3.4.3-py3-none-any.whl", hash = "sha256:ce571ab16d890d23b5c278547ba694193a45011ff86a9162a71307ed9f86759a"},
    {file = "charset_normalizer-3.4.3.tar.gz", hash = "sha256:6fce4b8500244f6fcb71465d4a4930d132ba9ab8e71a7859e6a5d59851068d14"},
]

[[package]]
name = "idna"
version = "3.10"
description = "Internationalized Domain Names in Applications (IDNA)"
optional = false
python-versions = ">=3.6"
groups = ["main"]
files = [
    {file = "idna-3.10-py3-none-any.whl", hash = "sha256:946d195a0d259cbba61165e88e65941f16e9b36ea6ddb97f00452bae8b1287d3"},
    {file = "idna-3.10.tar.gz", hash = "sha256:12f65c9b470abda6dc35cf8e63cc574b1c52b11df2c86030af0ac09b01b13ea9"},
]

[package.extras]
all = ["flake8 (>=7.1.1)", "mypy (>=1.11.2)", "pytest (>=8.3.2)", "ruff (>=0.6.2)"]

[[package]]
name = "regex"
version = "2025.7.34"
description = "Alternative regular expression module, to replace re."
optional = false
python-versions = ">=3.9"
groups = ["main"]
files = [
    {file = "regex-2025.7.34-cp310-cp310-macosx_10_9_universal2.whl", hash = "sha256:d856164d25e2b3b07b779bfed813eb4b6b6ce73c2fd818d46f47c1eb5cd79bd6"},
    {file = "regex-2025.7.34-cp310-cp310-macosx_10_9_x86_64.whl", hash = "sha256:2d15a9da5fad793e35fb7be74eec450d968e05d2e294f3e0e77ab03fa7234a83"},
    {file = "regex-2025.7.34-cp310-cp310-macosx_11_0_arm64.whl", hash = "sha256:95b4639c77d414efa93c8de14ce3f7965a94d007e068a94f9d4997bb9bd9c81f"},
    {file = "regex-2025.7.34-cp310-cp310-manylinux2014_aarch64.manylinux_2_17_aarch64.manylinux_2_28_aarch64.whl", hash = "sha256:5d7de1ceed5a5f84f342ba4a9f4ae589524adf9744b2ee61b5da884b5b659834"},
    {file = "regex-2025.7.34-cp310-cp310-manylinux2014_ppc64le.manylinux_2_17_ppc64le.manylinux_2_28_ppc64le.whl", hash = "sha256:02e5860a250cd350c4933cf376c3bc9cb28948e2c96a8bc042aee7b985cfa26f"},
    {file = "regex-2025.7.34-cp310-cp310-manylinux2014_s390x.manylinux_2_17_s390x.manylinux_2_28_s390x.whl", hash = "sha256:0a5966220b9a1a88691282b7e4350e9599cf65780ca60d914a798cb791aa1177"},
    {file = "regex-2025.7.34-cp310-cp310-manylinux2014_x86_64.manylinux_2_17_x86_64.manylinux_2_28_x86_64.whl", hash = "sha256:48fb045bbd4aab2418dc1ba2088a5e32de4bfe64e1457b948bb328a8dc2f1c2e"},
    {file = "regex-2025.7.34-cp310-cp310-manylinux2014_x86_64.manylinux_2_17_x86_64.whl", hash = "sha256:20ff8433fa45e131f7316594efe24d4679c5449c0ca69d91c2f9d21846fdf064"},
    {file = "regex-2025.7.34-cp310-cp310-musllinux_1_2_aarch64.whl", hash = "sha256:c436fd1e95c04c19039668cfb548450a37c13f051e8659f40aed426e36b3765f"},
    {file = "regex-2025.7.34-cp310-cp310-musllinux_1_2_ppc64le.whl", hash = "sha256:0b85241d3cfb9f8a13cefdfbd58a2843f208f2ed2c88181bf84e22e0c7fc066d"},
    {file = "regex-2025.7.34-cp310-cp310-musllinux_1_2_s390x.whl", hash = "sha256:075641c94126b064c65ab86e7e71fc3d63e7ff1bea1fb794f0773c97cdad3a03"},
    {file = "regex-2025.7.34-cp310-cp310-musllinux_1_2_x86_64.whl", hash = "sha256:70645cad3407d103d1dbcb4841839d2946f7d36cf38acbd40120fee1682151e5"},
    {file = "regex-2025.7.34-cp310-cp310-win32.whl", hash = "sha256:3b836eb4a95526b263c2a3359308600bd95ce7848ebd3c29af0c37c4f9627cd3"},
    {file = "regex-2025.7.34-cp310-cp310-win_amd64.whl", hash = "sha256:cbfaa401d77334613cf434f723c7e8ba585df162be76474bccc53ae4e5520b3a"},
    {file = "regex-2025.7.34-cp310-cp310-win_arm64.whl", hash = "sha256:bca11d3c38a47c621769433c47f364b44e8043e0de8e482c5968b20ab90a3986"},
    {file = "regex-2025.7.34-cp311-cp311-macosx_10_9_universal2.whl", hash = "sha256:da304313761b8500b8e175eb2040c4394a875837d5635f6256d6fa0377ad32c8"},
    {file = "regex-2025.7.34-cp311-cp311-macosx_10_9_x86_64.whl", hash = "sha256:35e43ebf5b18cd751ea81455b19acfdec402e82fe0dc6143edfae4c5c4b3909a"},
    {file = "regex-2025.7.34-cp311-cp311-macosx_11_0_arm64.whl", hash = "sha256:96bbae4c616726f4661fe7bcad5952e10d25d3c51ddc388189d8864fbc1b3c68"},
    {file = "regex-2025.7.34-cp311-cp311-manylinux2014_aarch64.manylinux_2_17_aarch64.manylinux_2_28_aarch64.whl", hash = "sha256:9feab78a1ffa4f2b1e27b1bcdaad36f48c2fed4870264ce32f52a393db093c78"},
    {file = "regex-2025.7.34-cp311-cp311-manylinux2014_ppc64le.manylinux_2_17_ppc64le.manylinux_2_28_ppc64le.whl", hash = "sha256:f14b36e6d4d07f1a5060f28ef3b3561c5d95eb0651741474ce4c0a4c56ba8719"},
    {file = "regex-2025.7.34-cp311-cp311-manylinux2014_s390x.manylinux_2_17_s390x.manylinux_2_28_s390x.whl", hash = "sha256:85c3a958ef8b3d5079c763477e1f09e89d13ad22198a37e9d7b26b4b17438b33"},
    {file = "regex-2025.7.34-cp311-cp311-manylinux2014_x86_64.manylinux_2_17_x86_64.manylinux_2_28_x86_64.whl", hash = "sha256:37555e4ae0b93358fa7c2d240a4291d4a4227cc7c607d8f85596cdb08ec0a083"},
    {file = "regex-2025.7.34-cp311-cp311-musllinux_1_2_aarch64.whl", hash = "sha256:ee38926f31f1aa61b0232a3a11b83461f7807661c062df9eb88769d86e6195c3"},
    {file = "regex-2025.7.34-cp311-cp311-musllinux_1_2_ppc64le.whl", hash = "sha256:a664291c31cae9c4a30589bd8bc2ebb56ef880c9c6264cb7643633831e606a4d"},
    {file = "regex-2025.7.34-cp311-cp311-musllinux_1_2_s390x.whl", hash = "sha256:f3e5c1e0925e77ec46ddc736b756a6da50d4df4ee3f69536ffb2373460e2dafd"},
    {file = "regex-2025.7.34-cp311-cp311-musllinux_1_2_x86_64.whl", hash = "sha256:d428fc7731dcbb4e2ffe43aeb8f90775ad155e7db4347a639768bc6cd2df881a"},
    {file = "regex-2025.7.34-cp311-cp311-win32.whl", hash = "sha256:e154a7ee7fa18333ad90b20e16ef84daaeac61877c8ef942ec8dfa50dc38b7a1"},
    {file = "regex-2025.7.34-cp311-cp311-win_amd64.whl", hash = "sha256:24257953d5c1d6d3c129ab03414c07fc1a47833c9165d49b954190b2b7f21a1a"},
    {file = "regex-2025.7.34-cp311-cp311-win_arm64.whl", hash = "sha256:3157aa512b9e606586900888cd469a444f9b898ecb7f8931996cb715f77477f0"},
    {file = "regex-2025.7.34-cp312-cp312-macosx_10_13_universal2.whl", hash = "sha256:7f7211a746aced993bef487de69307a38c5ddd79257d7be83f7b202cb59ddb50"},
    {file = "regex-2025.7.34-cp312-cp312-macosx_10_13_x86_64.whl", hash = "sha256:fb31080f2bd0681484b275461b202b5ad182f52c9ec606052020fe13eb13a72f"},
    {file = "regex-2025.7.34-cp312-cp312-macosx_11_0_arm64.whl", hash = "sha256:0200a5150c4cf61e407038f4b4d5cdad13e86345dac29ff9dab3d75d905cf130"},
    {file = "regex-2025.7.34-cp312-cp312-manylinux2014_aarch64.manylinux_2_17_aarch64.manylinux_2_28_aarch64.whl", hash = "sha256:739a74970e736df0773788377969c9fea3876c2fc13d0563f98e5503e5185f46"},
    {file = "regex-2025.7.34-cp312-cp312-manylinux2014_ppc64le.manylinux_2_17_ppc64le.manylinux_2_28_ppc64le.whl", hash = "sha256:4fef81b2f7ea6a2029161ed6dea9ae13834c28eb5a95b8771828194a026621e4"},
    {file = "regex-2025.7.34-cp312-cp312-manylinux2014_s390x.manylinux_2_17_s390x.manylinux_2_28_s390x.whl", hash = "sha256:ea74cf81fe61a7e9d77989050d0089a927ab758c29dac4e8e1b6c06fccf3ebf0"},
    {file = "regex-2025.7.34-cp312-cp312-manylinux2014_x86_64.manylinux_2_17_x86_64.manylinux_2_28_x86_64.whl", hash = "sha256:e4636a7f3b65a5f340ed9ddf53585c42e3ff37101d383ed321bfe5660481744b"},
    {file = "regex-2025.7.34-cp312-cp312-musllinux_1_2_aarch64.whl", hash = "sha256:6cef962d7834437fe8d3da6f9bfc6f93f20f218266dcefec0560ed7765f5fe01"},
    {file = "regex-2025.7.34-cp312-cp312-musllinux_1_2_ppc64le.whl", hash = "sha256:cbe1698e5b80298dbce8df4d8d1182279fbdaf1044e864cbc9d53c20e4a2be77"},
    {file = "regex-2025.7.34-cp312-cp312-musllinux_1_2_s390x.whl", hash = "sha256:32b9f9bcf0f605eb094b08e8da72e44badabb63dde6b83bd530580b488d1c6da"},
    {file = "regex-2025.7.34-cp312-cp312-musllinux_1_2_x86_64.whl", hash = "sha256:524c868ba527eab4e8744a9287809579f54ae8c62fbf07d62aacd89f6026b282"},
    {file = "regex-2025.7.34-cp312-cp312-win32.whl", hash = "sha256:d600e58ee6d036081c89696d2bdd55d507498a7180df2e19945c6642fac59588"},
    {file = "regex-2025.7.34-cp312-cp312-win_amd64.whl", hash = "sha256:9a9ab52a466a9b4b91564437b36417b76033e8778e5af8f36be835d8cb370d62"},
    {file = "regex-2025.7.34-cp312-cp312-win_arm64.whl", hash = "sha256:c83aec91af9c6fbf7c743274fd952272403ad9a9db05fe9bfc9df8d12b45f176"},
    {file = "regex-2025.7.34-cp313-cp313-macosx_10_13_universal2.whl", hash = "sha256:c3c9740a77aeef3f5e3aaab92403946a8d34437db930a0280e7e81ddcada61f5"},
    {file = "regex-2025.7.34-cp313-cp313-macosx_10_13_x86_64.whl", hash = "sha256:69ed3bc611540f2ea70a4080f853741ec698be556b1df404599f8724690edbcd"},
    {file = "regex-2025.7.34-cp313-cp313-macosx_11_0_arm64.whl", hash = "sha256:d03c6f9dcd562c56527c42b8530aad93193e0b3254a588be1f2ed378cdfdea1b"},
    {file = "regex-2025.7.34-cp313-cp313-manylinux2014_aarch64.manylinux_2_17_aarch64.manylinux_2_28_aarch64.whl", hash = "sha256:6164b1d99dee1dfad33f301f174d8139d4368a9fb50bf0a3603b2eaf579963ad"},
    {file = "regex-2025.7.34-cp313-cp313-manylinux2014_ppc64le.manylinux_2_17_ppc64le.manylinux_2_28_ppc64le.whl", hash = "sha256:1e4f4f62599b8142362f164ce776f19d79bdd21273e86920a7b604a4275b4f59"},
    {file = "regex-2025.7.34-cp313-cp313-manylinux2014_s390x.manylinux_2_17_s390x.manylinux_2_28_s390x.whl", hash = "sha256:72a26dcc6a59c057b292f39d41465d8233a10fd69121fa24f8f43ec6294e5415"},
    {file = "regex-2025.7.34-cp313-cp313-manylinux2014_x86_64.manylinux_2_17_x86_64.manylinux_2_28_x86_64.whl", hash = "sha256:d5273fddf7a3e602695c92716c420c377599ed3c853ea669c1fe26218867002f"},
    {file = "regex-2025.7.34-cp313-cp313-musllinux_1_2_aarch64.whl", hash = "sha256:c1844be23cd40135b3a5a4dd298e1e0c0cb36757364dd6cdc6025770363e06c1"},
    {file = "regex-2025.7.34-cp313-cp313-musllinux_1_2_ppc64le.whl", hash = "sha256:dde35e2afbbe2272f8abee3b9fe6772d9b5a07d82607b5788e8508974059925c"},
    {file = "regex-2025.7.34-cp313-cp313-musllinux_1_2_s390x.whl", hash = "sha256:f3f6e8e7af516a7549412ce57613e859c3be27d55341a894aacaa11703a4c31a"},
    {file = "regex-2025.7.34-cp313-cp313-musllinux_1_2_x86_64.whl", hash = "sha256:469142fb94a869beb25b5f18ea87646d21def10fbacb0bcb749224f3509476f0"},
    {file = "regex-2025.7.34-cp313-cp313-win32.whl", hash = "sha256:da7507d083ee33ccea1310447410c27ca11fb9ef18c95899ca57ff60a7e4d8f1"},
    {file = "regex-2025.7.34-cp313-cp313-win_amd64.whl", hash = "sha256:9d644de5520441e5f7e2db63aec2748948cc39ed4d7a87fd5db578ea4043d997"},
    {file = "regex-2025.7.34-cp313-cp313-win_arm64.whl", hash = "sha256:7bf1c5503a9f2cbd2f52d7e260acb3131b07b6273c470abb78568174fe6bde3f"},
    {file = "regex-2025.7.34-cp314-cp314-macosx_10_13_universal2.whl", hash = "sha256:8283afe7042d8270cecf27cca558873168e771183d4d593e3c5fe5f12402212a"},
    {file = "regex-2025.7.34-cp314-cp314-macosx_10_13_x86_64.whl", hash = "sha256:6c053f9647e3421dd2f5dff8172eb7b4eec129df9d1d2f7133a4386319b47435"},
    {file = "regex-2025.7.34-cp314-cp314-macosx_11_0_arm64.whl", hash = "sha256:a16dd56bbcb7d10e62861c3cd000290ddff28ea142ffb5eb3470f183628011ac"},
    {file = "regex-2025.7.34-cp314-cp314-manylinux2014_aarch64.manylinux_2_17_aarch64.manylinux_2_28_aarch64.whl", hash = "sha256:69c593ff5a24c0d5c1112b0df9b09eae42b33c014bdca7022d6523b210b69f72"},
    {file = "regex-2025.7.34-cp314-cp314-manylinux2014_ppc64le.manylinux_2_17_ppc64le.manylinux_2_28_ppc64le.whl", hash = "sha256:98d0ce170fcde1a03b5df19c5650db22ab58af375aaa6ff07978a85c9f250f0e"},
    {file = "regex-2025.7.34-cp314-cp314-manylinux2014_s390x.manylinux_2_17_s390x.manylinux_2_28_s390x.whl", hash = "sha256:d72765a4bff8c43711d5b0f5b452991a9947853dfa471972169b3cc0ba1d0751"},
    {file = "regex-2025.7.34-cp314-cp314-manylinux2014_x86_64.manylinux_2_17_x86_64.manylinux_2_28_x86_64.whl", hash = "sha256:4494f8fd95a77eb434039ad8460e64d57baa0434f1395b7da44015bef650d0e4"},
    {file = "regex-2025.7.34-cp314-cp314-musllinux_1_2_aarch64.whl", hash = "sha256:4f42b522259c66e918a0121a12429b2abcf696c6f967fa37bdc7b72e61469f98"},
    {file = "regex-2025.7.34-cp314-cp314-musllinux_1_2_ppc64le.whl", hash = "sha256:aaef1f056d96a0a5d53ad47d019d5b4c66fe4be2da87016e0d43b7242599ffc7"},
    {file = "regex-2025.7.34-cp314-cp314-musllinux_1_2_s390x.whl", hash = "sha256:656433e5b7dccc9bc0da6312da8eb897b81f5e560321ec413500e5367fcd5d47"},
    {file = "regex-2025.7.34-cp314-cp314-musllinux_1_2_x86_64.whl", hash = "sha256:e91eb2c62c39705e17b4d42d4b86c4e86c884c0d15d9c5a47d0835f8387add8e"},
    {file = "regex-2025.7.34-cp314-cp314-win32.whl", hash = "sha256:f978ddfb6216028c8f1d6b0f7ef779949498b64117fc35a939022f67f810bdcb"},
    {file = "regex-2025.7.34-cp314-cp314-win_amd64.whl", hash = "sha256:4b7dc33b9b48fb37ead12ffc7bdb846ac72f99a80373c4da48f64b373a7abeae"},
    {file = "regex-2025.7.34-cp314-cp314-win_arm64.whl", hash = "sha256:4b8c4d39f451e64809912c82392933d80fe2e4a87eeef8859fcc5380d0173c64"},
    {file = "regex-2025.7.34-cp39-cp39-macosx_10_9_universal2.whl", hash = "sha256:fd5edc3f453de727af267c7909d083e19f6426fc9dd149e332b6034f2a5611e6"},
    {file = "regex-2025.7.34-cp39-cp39-macosx_10_9_x86_64.whl", hash = "sha256:fa1cdfb8db96ef20137de5587954c812821966c3e8b48ffc871e22d7ec0a4938"},
    {file = "regex-2025.7.34-cp39-cp39-macosx_11_0_arm64.whl", hash = "sha256:89c9504fc96268e8e74b0283e548f53a80c421182a2007e3365805b74ceef936"},
    {file = "regex-2025.7.34-cp39-cp39-manylinux2014_aarch64.manylinux_2_17_aarch64.manylinux_2_28_aarch64.whl", hash = "sha256:33be70d75fa05a904ee0dc43b650844e067d14c849df7e82ad673541cd465b5f"},
    {file = "regex-2025.7.34-cp39-cp39-manylinux2014_ppc64le.manylinux_2_17_ppc64le.manylinux_2_28_ppc64le.whl", hash = "sha256:57d25b6732ea93eeb1d090e8399b6235ca84a651b52d52d272ed37d3d2efa0f1"},
    {file = "regex-2025.7.34-cp39-cp39-manylinux2014_s390x.manylinux_2_17_s390x.manylinux_2_28_s390x.whl", hash = "sha256:baf2fe122a3db1c0b9f161aa44463d8f7e33eeeda47bb0309923deb743a18276"},
    {file = "regex-2025.7.34-cp39-cp39-manylinux2014_x86_64.manylinux_2_17_x86_64.manylinux_2_28_x86_64.whl", hash = "sha256:1a764a83128af9c1a54be81485b34dca488cbcacefe1e1d543ef11fbace191e1"},
    {file = "regex-2025.7.34-cp39-cp39-manylinux2014_x86_64.manylinux_2_17_x86_64.whl", hash = "sha256:c7f663ccc4093877f55b51477522abd7299a14c5bb7626c5238599db6a0cb95d"},
    {file = "regex-2025.7.34-cp39-cp39-musllinux_1_2_aarch64.whl", hash = "sha256:4913f52fbc7a744aaebf53acd8d3dc1b519e46ba481d4d7596de3c862e011ada"},
    {file = "regex-2025.7.34-cp39-cp39-musllinux_1_2_ppc64le.whl", hash = "sha256:efac4db9e044d47fd3b6b0d40b6708f4dfa2d8131a5ac1d604064147c0f552fd"},
    {file = "regex-2025.7.34-cp39-cp39-musllinux_1_2_s390x.whl", hash = "sha256:7373afae7cfb716e3b8e15d0184510d518f9d21471f2d62918dbece85f2c588f"},
    {file = "regex-2025.7.34-cp39-cp39-musllinux_1_2_x86_64.whl", hash = "sha256:9960d162f3fecf6af252534a1ae337e9c2e20d74469fed782903b24e2cc9d3d7"},
    {file = "regex-2025.7.34-cp39-cp39-win32.whl", hash = "sha256:95d538b10eb4621350a54bf14600cc80b514211d91a019dc74b8e23d2159ace5"},
    {file = "regex-2025.7.34-cp39-cp39-win_amd64.whl", hash = "sha256:f7f3071b5faa605b0ea51ec4bb3ea7257277446b053f4fd3ad02b1dcb4e64353"},
    {file = "regex-2025.7.34-cp39-cp39-win_arm64.whl", hash = "sha256:716a47515ba1d03f8e8a61c5013041c8c90f2e21f055203498105d7571b44531"},
    {file = "regex-2025.7.34.tar.gz", hash = "sha256:9ead9765217afd04a86822dfcd4ed2747dfe426e887da413b15ff0ac2457e21a"},
]

[[package]]
name = "requests"
version = "2.32.5"
description = "Python HTTP for Humans."
optional = false
python-versions = ">=3.9"
groups = ["main"]
files = [
    {file = "requests-2.32.5-py3-none-any.whl", hash = "sha256:2462f94637a34fd532264295e186976db0f5d453d1cdd31473c85a6a161affb6"},
    {file = "requests-2.32.5.tar.gz", hash = "sha256:dbba0bac56e100853db0ea71b82b4dfd5fe2bf6d3754a8893c3af500cec7d7cf"},
]

[package.dependencies]
certifi = ">=2017.4.17"
charset_normalizer = ">=2,<4"
idna = ">=2.5,<4"
urllib3 = ">=1.21.1,<3"

[package.extras]
socks = ["PySocks (>=1.5.6,!=1.5.7)"]
use-chardet-on-py3 = ["chardet (>=3.0.2,<6)"]

[[package]]
name = "tiktoken"
version = "0.11.0"
description = "tiktoken is a fast BPE tokeniser for use with OpenAI's models"
optional = false
python-versions = ">=3.9"
groups = ["main"]
files = [
    {file = "tiktoken-0.11.0-cp310-cp310-macosx_10_12_x86_64.whl", hash = "sha256:8a9b517d6331d7103f8bef29ef93b3cca95fa766e293147fe7bacddf310d5917"},
    {file = "tiktoken-0.11.0-cp310-cp310-macosx_11_0_arm64.whl", hash = "sha256:b4ddb1849e6bf0afa6cc1c5d809fb980ca240a5fffe585a04e119519758788c0"},
    {file = "tiktoken-0.11.0-cp310-cp310-manylinux_2_17_aarch64.manylinux2014_aarch64.whl", hash = "sha256:10331d08b5ecf7a780b4fe4d0281328b23ab22cdb4ff65e68d56caeda9940ecc"},
    {file = "tiktoken-0.11.0-cp310-cp310-manylinux_2_17_x86_64.manylinux2014_x86_64.whl", hash = "sha256:b062c82300341dc87e0258c69f79bed725f87e753c21887aea90d272816be882"},
    {file = "tiktoken-0.11.0-cp310-cp310-musllinux_1_2_x86_64.whl", hash = "sha256:195d84bec46169af3b1349a1495c151d37a0ff4cba73fd08282736be7f92cc6c"},
    {file = "tiktoken-0.11.0-cp310-cp310-win_amd64.whl", hash = "sha256:fe91581b0ecdd8783ce8cb6e3178f2260a3912e8724d2f2d49552b98714641a1"},
    {file = "tiktoken-0.11.0-cp311-cp311-macosx_10_12_x86_64.whl", hash = "sha256:4ae374c46afadad0f501046db3da1b36cd4dfbfa52af23c998773682446097cf"},
    {file = "tiktoken-0.11.0-cp311-cp311-macosx_11_0_arm64.whl", hash = "sha256:25a512ff25dc6c85b58f5dd4f3d8c674dc05f96b02d66cdacf628d26a4e4866b"},
    {file = "tiktoken-0.11.0-cp311-cp311-manylinux_2_17_aarch64.manylinux2014_aarch64.whl", hash = "sha256:2130127471e293d385179c1f3f9cd445070c0772be73cdafb7cec9a3684c0458"},
    {file = "tiktoken-0.11.0-cp311-cp311-manylinux_2_17_x86_64.manylinux2014_x86_64.whl", hash = "sha256:21e43022bf2c33f733ea9b54f6a3f6b4354b909f5a73388fb1b9347ca54a069c"},
    {file = "tiktoken-0.11.0-cp311-cp311-musllinux_1_2_x86_64.whl", hash = "sha256:adb4e308eb64380dc70fa30493e21c93475eaa11669dea313b6bbf8210bfd013"},
    {file = "tiktoken-0.11.0-cp311-cp311-win_amd64.whl", hash = "sha256:ece6b76bfeeb61a125c44bbefdfccc279b5288e6007fbedc0d32bfec602df2f2"},
    {file = "tiktoken-0.11.0-cp312-cp312-macosx_10_13_x86_64.whl", hash = "sha256:fd9e6b23e860973cf9526544e220b223c60badf5b62e80a33509d6d40e6c8f5d"},
    {file = "tiktoken-0.11.0-cp312-cp312-macosx_11_0_arm64.whl", hash = "sha256:6a76d53cee2da71ee2731c9caa747398762bda19d7f92665e882fef229cb0b5b"},
    {file = "tiktoken-0.11.0-cp312-cp312-manylinux_2_17_aarch64.manylinux2014_aarch64.whl", hash = "sha256:6ef72aab3ea240646e642413cb363b73869fed4e604dcfd69eec63dc54d603e8"},
    {file = "tiktoken-0.11.0-cp312-cp312-manylinux_2_17_x86_64.manylinux2014_x86_64.whl", hash = "sha256:7f929255c705efec7a28bf515e29dc74220b2f07544a8c81b8d69e8efc4578bd"},
    {file = "tiktoken-0.11.0-cp312-cp312-musllinux_1_2_x86_64.whl", hash = "sha256:61f1d15822e4404953d499fd1dcc62817a12ae9fb1e4898033ec8fe3915fdf8e"},
    {file = "tiktoken-0.11.0-cp312-cp312-win_amd64.whl", hash = "sha256:45927a71ab6643dfd3ef57d515a5db3d199137adf551f66453be098502838b0f"},
    {file = "tiktoken-0.11.0-cp313-cp313-macosx_10_13_x86_64.whl", hash = "sha256:a5f3f25ffb152ee7fec78e90a5e5ea5b03b4ea240beed03305615847f7a6ace2"},
    {file = "tiktoken-0.11.0-cp313-cp313-macosx_11_0_arm64.whl", hash = "sha256:7dc6e9ad16a2a75b4c4be7208055a1f707c9510541d94d9cc31f7fbdc8db41d8"},
    {file = "tiktoken-0.11.0-cp313-cp313-manylinux_2_17_aarch64.manylinux2014_aarch64.whl", hash = "sha256:5a0517634d67a8a48fd4a4ad73930c3022629a85a217d256a6e9b8b47439d1e4"},
    {file = "tiktoken-0.11.0-cp313-cp313-manylinux_2_17_x86_64.manylinux2014_x86_64.whl", hash = "sha256:7fb4effe60574675118b73c6fbfd3b5868e5d7a1f570d6cc0d18724b09ecf318"},
    {file = "tiktoken-0.11.0-cp313-cp313-musllinux_1_2_x86_64.whl", hash = "sha256:94f984c9831fd32688aef4348803b0905d4ae9c432303087bae370dc1381a2b8"},
    {file = "tiktoken-0.11.0-cp313-cp313-win_amd64.whl", hash = "sha256:2177ffda31dec4023356a441793fed82f7af5291120751dee4d696414f54db0c"},
    {file = "tiktoken-0.11.0-cp39-cp39-macosx_10_12_x86_64.whl", hash = "sha256:13220f12c9e82e399377e768640ddfe28bea962739cc3a869cad98f42c419a89"},
    {file = "tiktoken-0.11.0-cp39-cp39-macosx_11_0_arm64.whl", hash = "sha256:7f2db627f5c74477c0404b4089fd8a28ae22fa982a6f7d9c7d4c305c375218f3"},
    {file = "tiktoken-0.11.0-cp39-cp39-manylinux_2_17_aarch64.manylinux2014_aarch64.whl", hash = "sha256:2302772f035dceb2bcf8e55a735e4604a0b51a6dd50f38218ff664d46ec43807"},
    {file = "tiktoken-0.11.0-cp39-cp39-manylinux_2_17_x86_64.manylinux2014_x86_64.whl", hash = "sha256:20b977989afe44c94bcc50db1f76971bb26dca44218bd203ba95925ef56f8e7a"},
    {file = "tiktoken-0.11.0-cp39-cp39-musllinux_1_2_x86_64.whl", hash = "sha256:669a1aa1ad6ebf1b3c26b45deb346f345da7680f845b5ea700bba45c20dea24c"},
    {file = "tiktoken-0.11.0-cp39-cp39-win_amd64.whl", hash = "sha256:e363f33c720a055586f730c00e330df4c7ea0024bf1c83a8a9a9dbc054c4f304"},
    {file = "tiktoken-0.11.0.tar.gz", hash = "sha256:3c518641aee1c52247c2b97e74d8d07d780092af79d5911a6ab5e79359d9b06a"},
]

[package.dependencies]
regex = ">=2022.1.18"
requests = ">=2.26.0"

[package.extras]
blobfile = ["blobfile (>=2)"]

[[package]]
name = "urllib3"
version = "2.5.0"
description = "HTTP library with thread-safe connection pooling, file post, and more."
optional = false
python-versions = ">=3.9"
groups = ["main"]
files = [
    {file = "urllib3-2.5.0-py3-none-any.whl", hash = "sha256:e6b01673c0fa6a13e374b50871808eb3bf7046c4b125b216f6bf1cc604cff0dc"},
    {file = "urllib3-2.5.0.tar.gz", hash = "sha256:3fc47733c7e419d4bc3f6b3dc2b4f890bb743906a30d56ba4a5bfa4bbff92760"},
]

[package.extras]
brotli = ["brotli (>=1.0.9) ; platform_python_implementation == \"CPython\"", "brotlicffi (>=0.8.0) ; platform_python_implementation != \"CPython\""]
h2 = ["h2 (>=4,<5)"]
socks = ["pysocks (>=1.5.6,!=1.5.7,<2.0)"]
zstd = ["zstandard (>=0.18.0)"]

[metadata]
lock-version = "2.1"
python-versions = ">=3.13"
content-hash = "5c2b6acd189babac428494d5642ac94b042d3e4be164a2dd59a77607e4a6ecb7"
